
Microsoft Visual Studio Solution File, Format Version 12.00
# Visual Studio Version 17
VisualStudioVersion = 17.7.34202.233
MinimumVisualStudioVersion = 10.0.40219.1
Project("{9A19103F-16F7-4668-BE54-9A1E7A4F7556}") = "PubSubWithDapr.Checkout", "PubSubWithDapr.Checkout\PubSubWithDapr.Checkout.csproj", "{5162778E-6C9A-46CF-A45F-301DB29D53A0}"
EndProject
Project("{9A19103F-16F7-4668-BE54-9A1E7A4F7556}") = "PubSubWithDapr.Processing", "PubSubWithDapr.Processing\PubSubWithDapr.Processing.csproj", "{6AAB81A2-3477-42DC-8A01-0FC0E6DADB12}"
EndProject
Project("{2150E333-8FDC-42A3-9474-1A3956D46DE8}") = "pubsub", "pubsub", "{5C27B9B9-465F-4E99-8CE1-D4C38E4658D7}"
EndProject
Project("{2150E333-8FDC-42A3-9474-1A3956D46DE8}") = "service-invocation", "service-invocation", "{BE7441FE-15AA-4336-BD6C-6A028DCE0A49}"
EndProject
Project("{FAE04EC0-301F-11D3-BF4B-00C04F79EFBC}") = "DaprDemo.ServiceInvocation.APIs", "DaprDemo.ServiceInvocation.APIs\DaprDemo.ServiceInvocation.APIs.csproj", "{1F168A12-6FF5-4D65-9B76-9AC4675BDFBA}"
EndProject
Project("{FAE04EC0-301F-11D3-BF4B-00C04F79EFBC}") = "DaprDemo.ServiceInvocation.Consumer", "DaprDemo.ServiceInvocation.Consumer\DaprDemo.ServiceInvocation.Consumer.csproj", "{0F5DA940-B5B9-4201-B2BA-89EBCA84CD94}"
EndProject
Global
	GlobalSection(SolutionConfigurationPlatforms) = preSolution
		Debug|Any CPU = Debug|Any CPU
		Release|Any CPU = Release|Any CPU
	EndGlobalSection
	GlobalSection(ProjectConfigurationPlatforms) = postSolution
		{5162778E-6C9A-46CF-A45F-301DB29D53A0}.Debug|Any CPU.ActiveCfg = Debug|Any CPU
		{5162778E-6C9A-46CF-A45F-301DB29D53A0}.Debug|Any CPU.Build.0 = Debug|Any CPU
		{5162778E-6C9A-46CF-A45F-301DB29D53A0}.Release|Any CPU.ActiveCfg = Release|Any CPU
		{5162778E-6C9A-46CF-A45F-301DB29D53A0}.Release|Any CPU.Build.0 = Release|Any CPU
		{6AAB81A2-3477-42DC-8A01-0FC0E6DADB12}.Debug|Any CPU.ActiveCfg = Debug|Any CPU
		{6AAB81A2-3477-42DC-8A01-0FC0E6DADB12}.Debug|Any CPU.Build.0 = Debug|Any CPU
		{6AAB81A2-3477-42DC-8A01-0FC0E6DADB12}.Release|Any CPU.ActiveCfg = Release|Any CPU
		{6AAB81A2-3477-42DC-8A01-0FC0E6DADB12}.Release|Any CPU.Build.0 = Release|Any CPU
		{1F168A12-6FF5-4D65-9B76-9AC4675BDFBA}.Debug|Any CPU.ActiveCfg = Debug|Any CPU
		{1F168A12-6FF5-4D65-9B76-9AC4675BDFBA}.Debug|Any CPU.Build.0 = Debug|Any CPU
		{1F168A12-6FF5-4D65-9B76-9AC4675BDFBA}.Release|Any CPU.ActiveCfg = Release|Any CPU
		{1F168A12-6FF5-4D65-9B76-9AC4675BDFBA}.Release|Any CPU.Build.0 = Release|Any CPU
		{0F5DA940-B5B9-4201-B2BA-89EBCA84CD94}.Debug|Any CPU.ActiveCfg = Debug|Any CPU
		{0F5DA940-B5B9-4201-B2BA-89EBCA84CD94}.Debug|Any CPU.Build.0 = Debug|Any CPU
		{0F5DA940-B5B9-4201-B2BA-89EBCA84CD94}.Release|Any CPU.ActiveCfg = Release|Any CPU
		{0F5DA940-B5B9-4201-B2BA-89EBCA84CD94}.Release|Any CPU.Build.0 = Release|Any CPU
	EndGlobalSection
	GlobalSection(SolutionProperties) = preSolution
		HideSolutionNode = FALSE
	EndGlobalSection
	GlobalSection(NestedProjects) = preSolution
		{5162778E-6C9A-46CF-A45F-301DB29D53A0} = {5C27B9B9-465F-4E99-8CE1-D4C38E4658D7}
		{6AAB81A2-3477-42DC-8A01-0FC0E6DADB12} = {5C27B9B9-465F-4E99-8CE1-D4C38E4658D7}
		{1F168A12-6FF5-4D65-9B76-9AC4675BDFBA} = {BE7441FE-15AA-4336-BD6C-6A028DCE0A49}
		{0F5DA940-B5B9-4201-B2BA-89EBCA84CD94} = {BE7441FE-15AA-4336-BD6C-6A028DCE0A49}
	EndGlobalSection
	GlobalSection(ExtensibilityGlobals) = postSolution
		SolutionGuid = {A9F7B013-DF4B-42D4-BE8D-F23C215D6DE3}
	EndGlobalSection
EndGlobal
